{
  "version": "5",
  "specifiers": {
    "npm:preact@^10.27.2": "10.27.2"
  },
  "npm": {
    "preact@10.27.2": {
      "integrity": "sha512-5SYSgFKSyhCbk6SrXyMpqjb5+MQBgfvEKE/OC+PujcY34sOpqtr+0AZQtPYx5IA6VxynQ7rUPCtKzyovpj9Bpg=="
    }
  },
  "workspace": {
    "dependencies": [
      "npm:preact@^10.27.2"
    ],
    "members": {
      "components/hello": {
        "dependencies": [
          "jsr:@fui/shared@0.1"
        ]
      }
    }
  }
}
